// !$*UTF8*$!
{
	archiveVersion = 1;
	classes = {
	};
	objectVersion = 50;
	objects = {

/* Begin PBXBuildFile section */
		7992A0CF24267CF3003FBE3B /* AppDelegate.swift in Sources */ = {isa = PBXBuildFile; fileRef = 7992A0CE24267CF3003FBE3B /* AppDelegate.swift */; };
		7992A0D124267CF3003FBE3B /* SceneDelegate.swift in Sources */ = {isa = PBXBuildFile; fileRef = 7992A0D024267CF3003FBE3B /* SceneDelegate.swift */; };
		7992A0D324267CF3003FBE3B /* ContentView.swift in Sources */ = {isa = PBXBuildFile; fileRef = 7992A0D224267CF3003FBE3B /* ContentView.swift */; };
		7992A0D524267CF4003FBE3B /* Assets.xcassets in Resources */ = {isa = PBXBuildFile; fileRef = 7992A0D424267CF4003FBE3B /* Assets.xcassets */; };
		7992A0D824267CF4003FBE3B /* Preview Assets.xcassets in Resources */ = {isa = PBXBuildFile; fileRef = 7992A0D724267CF4003FBE3B /* Preview Assets.xcassets */; };
		7992A0DB24267CF4003FBE3B /* LaunchScreen.storyboard in Resources */ = {isa = PBXBuildFile; fileRef = 7992A0D924267CF4003FBE3B /* LaunchScreen.storyboard */; };
		7992A0E324267D2F003FBE3B /* WebView.swift in Sources */ = {isa = PBXBuildFile; fileRef = 7992A0E224267D2F003FBE3B /* WebView.swift */; };
		7992A0E524279CF2003FBE3B /* WebContentView.swift in Sources */ = {isa = PBXBuildFile; fileRef = 7992A0E424279CF2003FBE3B /* WebContentView.swift */; };
		7992A0E72427A1FB003FBE3B /* NotificationView.swift in Sources */ = {isa = PBXBuildFile; fileRef = 7992A0E62427A1FB003FBE3B /* NotificationView.swift */; };
		7992A0E92427D4A7003FBE3B /* CurrentUNCenterDelegate.swift in Sources */ = {isa = PBXBuildFile; fileRef = 7992A0E82427D4A7003FBE3B /* CurrentUNCenterDelegate.swift */; };
/* End PBXBuildFile section */

/* Begin PBXFileReference section */
		7992A0CB24267CF3003FBE3B /* symptomtracker.app */ = {isa = PBXFileReference; explicitFileType = wrapper.application; includeInIndex = 0; path = symptomtracker.app; sourceTree = BUILT_PRODUCTS_DIR; };
		7992A0CE24267CF3003FBE3B /* AppDelegate.swift */ = {isa = PBXFileReference; lastKnownFileType = sourcecode.swift; path = AppDelegate.swift; sourceTree = "<group>"; };
		7992A0D024267CF3003FBE3B /* SceneDelegate.swift */ = {isa = PBXFileReference; lastKnownFileType = sourcecode.swift; path = SceneDelegate.swift; sourceTree = "<group>"; };
		7992A0D224267CF3003FBE3B /* ContentView.swift */ = {isa = PBXFileReference; lastKnownFileType = sourcecode.swift; path = ContentView.swift; sourceTree = "<group>"; };
		7992A0D424267CF4003FBE3B /* Assets.xcassets */ = {isa = PBXFileReference; lastKnownFileType = folder.assetcatalog; path = Assets.xcassets; sourceTree = "<group>"; };
		7992A0D724267CF4003FBE3B /* Preview Assets.xcassets */ = {isa = PBXFileReference; lastKnownFileType = folder.assetcatalog; path = "Preview Assets.xcassets"; sourceTree = "<group>"; };
		7992A0DA24267CF4003FBE3B /* Base */ = {isa = PBXFileReference; lastKnownFileType = file.storyboard; name = Base; path = Base.lproj/LaunchScreen.storyboard; sourceTree = "<group>"; };
		7992A0DC24267CF4003FBE3B /* Info.plist */ = {isa = PBXFileReference; lastKnownFileType = text.plist.xml; path = Info.plist; sourceTree = "<group>"; };
		7992A0E224267D2F003FBE3B /* WebView.swift */ = {isa = PBXFileReference; lastKnownFileType = sourcecode.swift; path = WebView.swift; sourceTree = "<group>"; };
		7992A0E424279CF2003FBE3B /* WebContentView.swift */ = {isa = PBXFileReference; lastKnownFileType = sourcecode.swift; path = WebContentView.swift; sourceTree = "<group>"; };
		7992A0E62427A1FB003FBE3B /* NotificationView.swift */ = {isa = PBXFileReference; lastKnownFileType = sourcecode.swift; path = NotificationView.swift; sourceTree = "<group>"; };
		7992A0E82427D4A7003FBE3B /* CurrentUNCenterDelegate.swift */ = {isa = PBXFileReference; lastKnownFileType = sourcecode.swift; path = CurrentUNCenterDelegate.swift; sourceTree = "<group>"; };
/* End PBXFileReference section */

/* Begin PBXFrameworksBuildPhase section */
		7992A0C824267CF3003FBE3B /* Frameworks */ = {
			isa = PBXFrameworksBuildPhase;
			buildActionMask = 2147483647;
			files = (
			);
			runOnlyForDeploymentPostprocessing = 0;
		};
/* End PBXFrameworksBuildPhase section */

/* Begin PBXGroup section */
		7992A0C224267CF3003FBE3B = {
			isa = PBXGroup;
			children = (
				7992A0CD24267CF3003FBE3B /* symptomtracker */,
				7992A0CC24267CF3003FBE3B /* Products */,
			);
			sourceTree = "<group>";
		};
		7992A0CC24267CF3003FBE3B /* Products */ = {
			isa = PBXGroup;
			children = (
				7992A0CB24267CF3003FBE3B /* symptomtracker.app */,
			);
			name = Products;
			sourceTree = "<group>";
		};
		7992A0CD24267CF3003FBE3B /* symptomtracker */ = {
			isa = PBXGroup;
			children = (
				7992A0CE24267CF3003FBE3B /* AppDelegate.swift */,
				7992A0D024267CF3003FBE3B /* SceneDelegate.swift */,
				7992A0D224267CF3003FBE3B /* ContentView.swift */,
				7992A0E424279CF2003FBE3B /* WebContentView.swift */,
				7992A0E62427A1FB003FBE3B /* NotificationView.swift */,
				7992A0E82427D4A7003FBE3B /* CurrentUNCenterDelegate.swift */,
				7992A0E224267D2F003FBE3B /* WebView.swift */,
				7992A0D424267CF4003FBE3B /* Assets.xcassets */,
				7992A0D924267CF4003FBE3B /* LaunchScreen.storyboard */,
				7992A0DC24267CF4003FBE3B /* Info.plist */,
				7992A0D624267CF4003FBE3B /* Preview Content */,
			);
			path = symptomtracker;
			sourceTree = "<group>";
		};
		7992A0D624267CF4003FBE3B /* Preview Content */ = {
			isa = PBXGroup;
			children = (
				7992A0D724267CF4003FBE3B /* Preview Assets.xcassets */,
			);
			path = "Preview Content";
			sourceTree = "<group>";
		};
/* End PBXGroup section */

/* Begin PBXNativeTarget section */
		7992A0CA24267CF3003FBE3B /* symptomtracker */ = {
			isa = PBXNativeTarget;
			buildConfigurationList = 7992A0DF24267CF4003FBE3B /* Build configuration list for PBXNativeTarget "symptomtracker" */;
			buildPhases = (
				7992A0C724267CF3003FBE3B /* Sources */,
				7992A0C824267CF3003FBE3B /* Frameworks */,
				7992A0C924267CF3003FBE3B /* Resources */,
			);
			buildRules = (
			);
			dependencies = (
			);
			name = symptomtracker;
			productName = symptomtracker;
			productReference = 7992A0CB24267CF3003FBE3B /* symptomtracker.app */;
			productType = "com.apple.product-type.application";
		};
/* End PBXNativeTarget section */

/* Begin PBXProject section */
		7992A0C324267CF3003FBE3B /* Project object */ = {
			isa = PBXProject;
			attributes = {
				LastSwiftUpdateCheck = 1130;
				LastUpgradeCheck = 1130;
				ORGANIZATIONNAME = "Wolf Dieter Dallinger";
				TargetAttributes = {
					7992A0CA24267CF3003FBE3B = {
						CreatedOnToolsVersion = 11.3.1;
					};
				};
			};
			buildConfigurationList = 7992A0C624267CF3003FBE3B /* Build configuration list for PBXProject "symptomtracker" */;
			compatibilityVersion = "Xcode 9.3";
			developmentRegion = en;
			hasScannedForEncodings = 0;
			knownRegions = (
				en,
				Base,
			);
			mainGroup = 7992A0C224267CF3003FBE3B;
			productRefGroup = 7992A0CC24267CF3003FBE3B /* Products */;
			projectDirPath = "";
			projectRoot = "";
			targets = (
				7992A0CA24267CF3003FBE3B /* symptomtracker */,
			);
		};
/* End PBXProject section */

/* Begin PBXResourcesBuildPhase section */
		7992A0C924267CF3003FBE3B /* Resources */ = {
			isa = PBXResourcesBuildPhase;
			buildActionMask = 2147483647;
			files = (
				7992A0DB24267CF4003FBE3B /* LaunchScreen.storyboard in Resources */,
				7992A0D824267CF4003FBE3B /* Preview Assets.xcassets in Resources */,
				7992A0D524267CF4003FBE3B /* Assets.xcassets in Resources */,
			);
			runOnlyForDeploymentPostprocessing = 0;
		};
/* End PBXResourcesBuildPhase section */

/* Begin PBXSourcesBuildPhase section */
		7992A0C724267CF3003FBE3B /* Sources */ = {
			isa = PBXSourcesBuildPhase;
			buildActionMask = 2147483647;
			files = (
				7992A0CF24267CF3003FBE3B /* AppDelegate.swift in Sources */,
				7992A0E324267D2F003FBE3B /* WebView.swift in Sources */,
				7992A0D124267CF3003FBE3B /* SceneDelegate.swift in Sources */,
				7992A0E92427D4A7003FBE3B /* CurrentUNCenterDelegate.swift in Sources */,
				7992A0E524279CF2003FBE3B /* WebContentView.swift in Sources */,
				7992A0D324267CF3003FBE3B /* ContentView.swift in Sources */,
				7992A0E72427A1FB003FBE3B /* NotificationView.swift in Sources */,
			);
			runOnlyForDeploymentPostprocessing = 0;
		};
/* End PBXSourcesBuildPhase section */

/* Begin PBXVariantGroup section */
		7992A0D924267CF4003FBE3B /* LaunchScreen.storyboard */ = {
			isa = PBXVariantGroup;
			children = (
				7992A0DA24267CF4003FBE3B /* Base */,
			);
			name = LaunchScreen.storyboard;
			sourceTree = "<group>";
		};
/* End PBXVariantGroup section */

/* Begin XCBuildConfiguration section */
		7992A0DD24267CF4003FBE3B /* Debug */ = {
			isa = XCBuildConfiguration;
			buildSettings = {
				ALWAYS_SEARCH_USER_PATHS = NO;
				CLANG_ANALYZER_NONNULL = YES;
				CLANG_ANALYZER_NUMBER_OBJECT_CONVERSION = YES_AGGRESSIVE;
				CLANG_CXX_LANGUAGE_STANDARD = "gnu++14";
				CLANG_CXX_LIBRARY = "libc++";
				CLANG_ENABLE_MODULES = YES;
				CLANG_ENABLE_OBJC_ARC = YES;
				CLANG_ENABLE_OBJC_WEAK = YES;
				CLANG_WARN_BLOCK_CAPTURE_AUTORELEASING = YES;
				CLANG_WARN_BOOL_CONVERSION = YES;
				CLANG_WARN_COMMA = YES;
				CLANG_WARN_CONSTANT_CONVERSION = YES;
				CLANG_WARN_DEPRECATED_OBJC_IMPLEMENTATIONS = YES;
				CLANG_WARN_DIRECT_OBJC_ISA_USAGE = YES_ERROR;
				CLANG_WARN_DOCUMENTATION_COMMENTS = YES;
				CLANG_WARN_EMPTY_BODY = YES;
				CLANG_WARN_ENUM_CONVERSION = YES;
				CLANG_WARN_INFINITE_RECURSION = YES;
				CLANG_WARN_INT_CONVERSION = YES;
				CLANG_WARN_NON_LITERAL_NULL_CONVERSION = YES;
				CLANG_WARN_OBJC_IMPLICIT_RETAIN_SELF = YES;
				CLANG_WARN_OBJC_LITERAL_CONVERSION = YES;
				CLANG_WARN_OBJC_ROOT_CLASS = YES_ERROR;
				CLANG_WARN_RANGE_LOOP_ANALYSIS = YES;
				CLANG_WARN_STRICT_PROTOTYPES = YES;
				CLANG_WARN_SUSPICIOUS_MOVE = YES;
				CLANG_WARN_UNGUARDED_AVAILABILITY = YES_AGGRESSIVE;
				CLANG_WARN_UNREACHABLE_CODE = YES;
				CLANG_WARN__DUPLICATE_METHOD_MATCH = YES;
				COPY_PHASE_STRIP = NO;
				DEBUG_INFORMATION_FORMAT = dwarf;
				ENABLE_STRICT_OBJC_MSGSEND = YES;
				ENABLE_TESTABILITY = YES;
				GCC_C_LANGUAGE_STANDARD = gnu11;
				GCC_DYNAMIC_NO_PIC = NO;
				GCC_NO_COMMON_BLOCKS = YES;
				GCC_OPTIMIZATION_LEVEL = 0;
				GCC_PREPROCESSOR_DEFINITIONS = (
					"DEBUG=1",
					"$(inherited)",
				);
				GCC_WARN_64_TO_32_BIT_CONVERSION = YES;
				GCC_WARN_ABOUT_RETURN_TYPE = YES_ERROR;
				GCC_WARN_UNDECLARED_SELECTOR = YES;
				GCC_WARN_UNINITIALIZED_AUTOS = YES_AGGRESSIVE;
				GCC_WARN_UNUSED_FUNCTION = YES;
				GCC_WARN_UNUSED_VARIABLE = YES;
				IPHONEOS_DEPLOYMENT_TARGET = 13.2;
				MTL_ENABLE_DEBUG_INFO = INCLUDE_SOURCE;
				MTL_FAST_MATH = YES;
				ONLY_ACTIVE_ARCH = YES;
				SDKROOT = iphoneos;
				SWIFT_ACTIVE_COMPILATION_CONDITIONS = DEBUG;
				SWIFT_OPTIMIZATION_LEVEL = "-Onone";
			};
			name = Debug;
		};
		7992A0DE24267CF4003FBE3B /* Release */ = {
			isa = XCBuildConfiguration;
			buildSettings = {
				ALWAYS_SEARCH_USER_PATHS = NO;
				CLANG_ANALYZER_NONNULL = YES;
				CLANG_ANALYZER_NUMBER_OBJECT_CONVERSION = YES_AGGRESSIVE;
				CLANG_CXX_LANGUAGE_STANDARD = "gnu++14";
				CLANG_CXX_LIBRARY = "libc++";
				CLANG_ENABLE_MODULES = YES;
				CLANG_ENABLE_OBJC_ARC = YES;
				CLANG_ENABLE_OBJC_WEAK = YES;
				CLANG_WARN_BLOCK_CAPTURE_AUTORELEASING = YES;
				CLANG_WARN_BOOL_CONVERSION = YES;
				CLANG_WARN_COMMA = YES;
				CLANG_WARN_CONSTANT_CONVERSION = YES;
				CLANG_WARN_DEPRECATED_OBJC_IMPLEMENTATIONS = YES;
				CLANG_WARN_DIRECT_OBJC_ISA_USAGE = YES_ERROR;
				CLANG_WARN_DOCUMENTATION_COMMENTS = YES;
				CLANG_WARN_EMPTY_BODY = YES;
				CLANG_WARN_ENUM_CONVERSION = YES;
				CLANG_WARN_INFINITE_RECURSION = YES;
				CLANG_WARN_INT_CONVERSION = YES;
				CLANG_WARN_NON_LITERAL_NULL_CONVERSION = YES;
				CLANG_WARN_OBJC_IMPLICIT_RETAIN_SELF = YES;
				CLANG_WARN_OBJC_LITERAL_CONVERSION = YES;
				CLANG_WARN_OBJC_ROOT_CLASS = YES_ERROR;
				CLANG_WARN_RANGE_LOOP_ANALYSIS = YES;
				CLANG_WARN_STRICT_PROTOTYPES = YES;
				CLANG_WARN_SUSPICIOUS_MOVE = YES;
				CLANG_WARN_UNGUARDED_AVAILABILITY = YES_AGGRESSIVE;
				CLANG_WARN_UNREACHABLE_CODE = YES;
				CLANG_WARN__DUPLICATE_METHOD_MATCH = YES;
				COPY_PHASE_STRIP = NO;
				DEBUG_INFORMATION_FORMAT = "dwarf-with-dsym";
				ENABLE_NS_ASSERTIONS = NO;
				ENABLE_STRICT_OBJC_MSGSEND = YES;
				GCC_C_LANGUAGE_STANDARD = gnu11;
				GCC_NO_COMMON_BLOCKS = YES;
				GCC_WARN_64_TO_32_BIT_CONVERSION = YES;
				GCC_WARN_ABOUT_RETURN_TYPE = YES_ERROR;
				GCC_WARN_UNDECLARED_SELECTOR = YES;
				GCC_WARN_UNINITIALIZED_AUTOS = YES_AGGRESSIVE;
				GCC_WARN_UNUSED_FUNCTION = YES;
				GCC_WARN_UNUSED_VARIABLE = YES;
				IPHONEOS_DEPLOYMENT_TARGET = 13.2;
				MTL_ENABLE_DEBUG_INFO = NO;
				MTL_FAST_MATH = YES;
				SDKROOT = iphoneos;
				SWIFT_COMPILATION_MODE = wholemodule;
				SWIFT_OPTIMIZATION_LEVEL = "-O";
				VALIDATE_PRODUCT = YES;
			};
			name = Release;
		};
		7992A0E024267CF4003FBE3B /* Debug */ = {
			isa = XCBuildConfiguration;
			buildSettings = {
				ASSETCATALOG_COMPILER_APPICON_NAME = AppIcon;
				CODE_SIGN_STYLE = Automatic;
				CURRENT_PROJECT_VERSION = 4;
				DEVELOPMENT_ASSET_PATHS = "\"symptomtracker/Preview Content\"";
				DEVELOPMENT_TEAM = XAULD32DT8;
				ENABLE_PREVIEWS = YES;
				INFOPLIST_FILE = symptomtracker/Info.plist;
				LD_RUNPATH_SEARCH_PATHS = (
					"$(inherited)",
					"@executable_path/Frameworks",
				);
				PRODUCT_BUNDLE_IDENTIFIER = de.dallinger.symptomtracker;
				PRODUCT_NAME = "$(TARGET_NAME)";
				SWIFT_VERSION = 5.0;
				TARGETED_DEVICE_FAMILY = "1,2";
			};
			name = Debug;
		};
		7992A0E124267CF4003FBE3B /* Release */ = {
			isa = XCBuildConfiguration;
			buildSettings = {
				ASSETCATALOG_COMPILER_APPICON_NAME = AppIcon;
				CODE_SIGN_STYLE = Automatic;
				CURRENT_PROJECT_VERSION = 4;
				DEVELOPMENT_ASSET_PATHS = "\"symptomtracker/Preview Content\"";
				DEVELOPMENT_TEAM = XAULD32DT8;
				ENABLE_PREVIEWS = YES;
				INFOPLIST_FILE = symptomtracker/Info.plist;
				LD_RUNPATH_SEARCH_PATHS = (
					"$(inherited)",
					"@executable_path/Frameworks",
				);
				PRODUCT_BUNDLE_IDENTIFIER = de.dallinger.symptomtracker;
				PRODUCT_NAME = "$(TARGET_NAME)";
				SWIFT_VERSION = 5.0;
				TARGETED_DEVICE_FAMILY = "1,2";
			};
			name = Release;
		};
/* End XCBuildConfiguration section */

/* Begin XCConfigurationList section */
		7992A0C624267CF3003FBE3B /* Build configuration list for PBXProject "symptomtracker" */ = {
			isa = XCConfigurationList;
			buildConfigurations = (
				7992A0DD24267CF4003FBE3B /* Debug */,
				7992A0DE24267CF4003FBE3B /* Release */,
			);
			defaultConfigurationIsVisible = 0;
			defaultConfigurationName = Release;
		};
		7992A0DF24267CF4003FBE3B /* Build configuration list for PBXNativeTarget "symptomtracker" */ = {
			isa = XCConfigurationList;
			buildConfigurations = (
				7992A0E024267CF4003FBE3B /* Debug */,
				7992A0E124267CF4003FBE3B /* Release */,
			);
			defaultConfigurationIsVisible = 0;
			defaultConfigurationName = Release;
		};
/* End XCConfigurationList section */
	};
	rootObject = 7992A0C324267CF3003FBE3B /* Project object */;
}
